
Microsoft Visual Studio Solution File, Format Version 12.00
# Visual Studio Version 17
VisualStudioVersion = 17.9.34407.89
MinimumVisualStudioVersion = 10.0.40219.1
Project("{FAE04EC0-301F-11D3-BF4B-00C04F79EFBC}") = "RpiOpenCvBenchmark", "RpiOpenCvBenchmark\RpiOpenCvBenchmark.csproj", "{A98124BD-6A1A-4A1F-BE3F-D676A9ECDF9F}"
EndProject
Global
	GlobalSection(SolutionConfigurationPlatforms) = preSolution
		Debug|Any CPU = Debug|Any CPU
		Release|Any CPU = Release|Any CPU
	EndGlobalSection
	GlobalSection(ProjectConfigurationPlatforms) = postSolution
		{A98124BD-6A1A-4A1F-BE3F-D676A9ECDF9F}.Debug|Any CPU.ActiveCfg = Debug|Any CPU
		{A98124BD-6A1A-4A1F-BE3F-D676A9ECDF9F}.Debug|Any CPU.Build.0 = Debug|Any CPU
		{A98124BD-6A1A-4A1F-BE3F-D676A9ECDF9F}.Release|Any CPU.ActiveCfg = Release|Any CPU
		{A98124BD-6A1A-4A1F-BE3F-D676A9ECDF9F}.Release|Any CPU.Build.0 = Release|Any CPU
	EndGlobalSection
	GlobalSection(SolutionProperties) = preSolution
		HideSolutionNode = FALSE
	EndGlobalSection
	GlobalSection(ExtensibilityGlobals) = postSolution
		SolutionGuid = {61A1B745-6D4A-4E51-AF9C-79636BEBCA69}
	EndGlobalSection
EndGlobal
